
Microsoft Visual Studio Solution File, Format Version 12.00
# Visual Studio 15
VisualStudioVersion = 15.0.27130.2026
MinimumVisualStudioVersion = 10.0.40219.1
Project("{FAE04EC0-301F-11D3-BF4B-00C04F79EFBC}") = "TankLib", "TankLib\TankLib.csproj", "{6C37D977-591C-48DE-B25B-04C0847413D1}"
EndProject
Project("{FAE04EC0-301F-11D3-BF4B-00C04F79EFBC}") = "TankLibTest", "TankLibTest\TankLibTest.csproj", "{128125C9-6C90-4599-A74C-78925ED0AA94}"
EndProject
Project("{FAE04EC0-301F-11D3-BF4B-00C04F79EFBC}") = "CMFLib", "CMFLib\CMFLib.csproj", "{3B5D1227-F0F7-48E4-9AC0-757B87F8C64F}"
EndProject
Project("{2150E333-8FDC-42A3-9474-1A3956D46DE8}") = "New", "New", "{E953E84B-C7C0-4739-B65F-B7FD8D8B459F}"
EndProject
Project("{FAE04EC0-301F-11D3-BF4B-00C04F79EFBC}") = "CASCEncDump", "CASCEncDump\CASCEncDump.csproj", "{E113D014-50BE-4D59-9A8D-E407CFC0D80F}"
EndProject
Project("{FAE04EC0-301F-11D3-BF4B-00C04F79EFBC}") = "TankLibHelper", "TankLibHelper\TankLibHelper.csproj", "{C62BF6BE-3EC4-45AB-A935-0EAEC8840CB5}"
EndProject
Project("{FAE04EC0-301F-11D3-BF4B-00C04F79EFBC}") = "TankView", "TankView\TankView.csproj", "{C29334C6-48B8-4D1D-9071-7C91FDF8255F}"
EndProject
Project("{FAE04EC0-301F-11D3-BF4B-00C04F79EFBC}") = "TankPackage", "TankPackage\TankPackage.csproj", "{7BDF341B-AB08-4F4A-83F4-6F9265B161A5}"
EndProject
Global
	GlobalSection(SolutionConfigurationPlatforms) = preSolution
		Debug|Any CPU = Debug|Any CPU
		Release|Any CPU = Release|Any CPU
	EndGlobalSection
	GlobalSection(ProjectConfigurationPlatforms) = postSolution
		{6C37D977-591C-48DE-B25B-04C0847413D1}.Debug|Any CPU.ActiveCfg = Debug|Any CPU
		{6C37D977-591C-48DE-B25B-04C0847413D1}.Debug|Any CPU.Build.0 = Debug|Any CPU
		{6C37D977-591C-48DE-B25B-04C0847413D1}.Release|Any CPU.ActiveCfg = Release|Any CPU
		{6C37D977-591C-48DE-B25B-04C0847413D1}.Release|Any CPU.Build.0 = Release|Any CPU
		{128125C9-6C90-4599-A74C-78925ED0AA94}.Debug|Any CPU.ActiveCfg = Debug|Any CPU
		{128125C9-6C90-4599-A74C-78925ED0AA94}.Debug|Any CPU.Build.0 = Debug|Any CPU
		{128125C9-6C90-4599-A74C-78925ED0AA94}.Release|Any CPU.ActiveCfg = Release|Any CPU
		{128125C9-6C90-4599-A74C-78925ED0AA94}.Release|Any CPU.Build.0 = Release|Any CPU
		{3B5D1227-F0F7-48E4-9AC0-757B87F8C64F}.Debug|Any CPU.ActiveCfg = Debug|Any CPU
		{3B5D1227-F0F7-48E4-9AC0-757B87F8C64F}.Debug|Any CPU.Build.0 = Debug|Any CPU
		{3B5D1227-F0F7-48E4-9AC0-757B87F8C64F}.Release|Any CPU.ActiveCfg = Release|Any CPU
		{3B5D1227-F0F7-48E4-9AC0-757B87F8C64F}.Release|Any CPU.Build.0 = Release|Any CPU
		{E113D014-50BE-4D59-9A8D-E407CFC0D80F}.Debug|Any CPU.ActiveCfg = Debug|Any CPU
		{E113D014-50BE-4D59-9A8D-E407CFC0D80F}.Debug|Any CPU.Build.0 = Debug|Any CPU
		{E113D014-50BE-4D59-9A8D-E407CFC0D80F}.Release|Any CPU.ActiveCfg = Release|Any CPU
		{E113D014-50BE-4D59-9A8D-E407CFC0D80F}.Release|Any CPU.Build.0 = Release|Any CPU
		{C62BF6BE-3EC4-45AB-A935-0EAEC8840CB5}.Debug|Any CPU.ActiveCfg = Debug|Any CPU
		{C62BF6BE-3EC4-45AB-A935-0EAEC8840CB5}.Debug|Any CPU.Build.0 = Debug|Any CPU
		{C62BF6BE-3EC4-45AB-A935-0EAEC8840CB5}.Release|Any CPU.ActiveCfg = Release|Any CPU
		{C62BF6BE-3EC4-45AB-A935-0EAEC8840CB5}.Release|Any CPU.Build.0 = Release|Any CPU
		{C29334C6-48B8-4D1D-9071-7C91FDF8255F}.Debug|Any CPU.ActiveCfg = Debug|Any CPU
		{C29334C6-48B8-4D1D-9071-7C91FDF8255F}.Debug|Any CPU.Build.0 = Debug|Any CPU
		{C29334C6-48B8-4D1D-9071-7C91FDF8255F}.Release|Any CPU.ActiveCfg = Release|Any CPU
		{C29334C6-48B8-4D1D-9071-7C91FDF8255F}.Release|Any CPU.Build.0 = Release|Any CPU
		{7BDF341B-AB08-4F4A-83F4-6F9265B161A5}.Debug|Any CPU.ActiveCfg = Debug|Any CPU
		{7BDF341B-AB08-4F4A-83F4-6F9265B161A5}.Debug|Any CPU.Build.0 = Debug|Any CPU
		{7BDF341B-AB08-4F4A-83F4-6F9265B161A5}.Release|Any CPU.ActiveCfg = Release|Any CPU
		{7BDF341B-AB08-4F4A-83F4-6F9265B161A5}.Release|Any CPU.Build.0 = Release|Any CPU
	EndGlobalSection
	GlobalSection(SolutionProperties) = preSolution
		HideSolutionNode = FALSE
	EndGlobalSection
	GlobalSection(NestedProjects) = preSolution
		{6C37D977-591C-48DE-B25B-04C0847413D1} = {E953E84B-C7C0-4739-B65F-B7FD8D8B459F}
		{128125C9-6C90-4599-A74C-78925ED0AA94} = {E953E84B-C7C0-4739-B65F-B7FD8D8B459F}
		{3B5D1227-F0F7-48E4-9AC0-757B87F8C64F} = {E953E84B-C7C0-4739-B65F-B7FD8D8B459F}
		{E113D014-50BE-4D59-9A8D-E407CFC0D80F} = {E953E84B-C7C0-4739-B65F-B7FD8D8B459F}
		{C62BF6BE-3EC4-45AB-A935-0EAEC8840CB5} = {E953E84B-C7C0-4739-B65F-B7FD8D8B459F}
		{C29334C6-48B8-4D1D-9071-7C91FDF8255F} = {E953E84B-C7C0-4739-B65F-B7FD8D8B459F}
		{7BDF341B-AB08-4F4A-83F4-6F9265B161A5} = {E953E84B-C7C0-4739-B65F-B7FD8D8B459F}
	EndGlobalSection
	GlobalSection(ExtensibilityGlobals) = postSolution
		SolutionGuid = {225E86D0-10B9-4E96-8ED4-B8C90CB70682}
	EndGlobalSection
	GlobalSection(MonoDevelopProperties) = preSolution
		Policies = $0
		$0.DotNetNamingPolicy = $1
		$1.DirectoryNamespaceAssociation = None
		$1.ResourceNamePolicy = FileFormatDefault
	EndGlobalSection
EndGlobal
